// !$*UTF8*$!
{
	archiveVersion = 1;
	classes = {
	};
	objectVersion = 77;
	objects = {

/* Begin PBXContainerItemProxy section */
		CBDA34172F11E5EB00971DE6 /* PBXContainerItemProxy */ = {
			isa = PBXContainerItemProxy;
			containerPortal = CBDA34012F11E5E900971DE6 /* Project object */;
			proxyType = 1;
			remoteGlobalIDString = CBDA34082F11E5E900971DE6;
			remoteInfo = RealTimeMetricsDemo;
		};
		CBDA34212F11E5EB00971DE6 /* PBXContainerItemProxy */ = {
			isa = PBXContainerItemProxy;
			containerPortal = CBDA34012F11E5E900971DE6 /* Project object */;
			proxyType = 1;
			remoteGlobalIDString = CBDA34082F11E5E900971DE6;
			remoteInfo = RealTimeMetricsDemo;
		};
/* End PBXContainerItemProxy section */

/* Begin PBXFileReference section */
		CBA56CDD2F91D2B100159067 /* RealTimeMetricsDemoUIKit.app */ = {isa = PBXFileReference; explicitFileType = wrapper.application; includeInIndex = 0; path = RealTimeMetricsDemoUIKit.app; sourceTree = BUILT_PRODUCTS_DIR; };
		CBDA34092F11E5E900971DE6 /* RealTimeMetricsDemo.app */ = {isa = PBXFileReference; explicitFileType = wrapper.application; includeInIndex = 0; path = RealTimeMetricsDemo.app; sourceTree = BUILT_PRODUCTS_DIR; };
		CBDA34162F11E5EB00971DE6 /* RealTimeMetricsDemoTests.xctest */ = {isa = PBXFileReference; explicitFileType = wrapper.cfbundle; includeInIndex = 0; path = RealTimeMetricsDemoTests.xctest; sourceTree = BUILT_PRODUCTS_DIR; };
		CBDA34202F11E5EB00971DE6 /* RealTimeMetricsDemoUITests.xctest */ = {isa = PBXFileReference; explicitFileType = wrapper.cfbundle; includeInIndex = 0; path = RealTimeMetricsDemoUITests.xctest; sourceTree = BUILT_PRODUCTS_DIR; };
/* End PBXFileReference section */

/* Begin PBXFileSystemSynchronizedBuildFileExceptionSet section */
		CB3F4EFD2F91E7CD003551EC /* Exceptions for "RealTimeMetricsDemoUIKit" folder in "RealTimeMetricsDemo" target */ = {
			isa = PBXFileSystemSynchronizedBuildFileExceptionSet;
			membershipExceptions = (
				SensorListViewController/MetricTableViewCell/MetricTableViewCell.swift,
				SensorListViewController/SensorListViewController.swift,
			);
			target = CBDA34082F11E5E900971DE6 /* RealTimeMetricsDemo */;
		};
		CBA56CF02F91D2B300159067 /* Exceptions for "RealTimeMetricsDemoUIKit" folder in "RealTimeMetricsDemoUIKit" target */ = {
			isa = PBXFileSystemSynchronizedBuildFileExceptionSet;
			membershipExceptions = (
				Info.plist,
			);
			target = CBA56CDC2F91D2B100159067 /* RealTimeMetricsDemoUIKit */;
		};
		CBA56CF32F91D2D400159067 /* Exceptions for "RealTimeMetricsDemo" folder in "RealTimeMetricsDemoUIKit" target */ = {
			isa = PBXFileSystemSynchronizedBuildFileExceptionSet;
			membershipExceptions = (
				Commons/AppCompositionRoot/AppManager/AppCompositionRoot.swift,
				Commons/AppCompositionRoot/AppManager/AppEnvironment/AppEnvironment.swift,
				Commons/AppCompositionRoot/AppManager/MetricsFeedManager/Metric/Data/MockMetricRepository.swift,
				Commons/AppCompositionRoot/AppManager/MetricsFeedManager/Metric/Data/MockMetricUpdateSource.swift,
				Commons/AppCompositionRoot/AppManager/MetricsFeedManager/Metric/Domain/Metric.swift,
				Commons/AppCompositionRoot/AppManager/MetricsFeedManager/Metric/Domain/MetricDomainInterfaces.swift,
				Commons/AppCompositionRoot/AppManager/MetricsFeedManager/Metric/Store/MetricStoreActor.swift,
				Commons/AppCompositionRoot/AppManager/MetricsFeedManager/Metric/UseCase/MetricManager.swift,
				Commons/AppCompositionRoot/AppManager/MetricsFeedManager/Metric/UseCase/MetricUpdateManager.swift,
				Commons/AppCompositionRoot/AppManager/MetricsFeedManager/Sensor/Data/MockSensorRepository.swift,
				Commons/AppCompositionRoot/AppManager/MetricsFeedManager/Sensor/Domain/Sensor.swift,
				Commons/AppCompositionRoot/AppManager/MetricsFeedManager/Sensor/UseCase/SensorManager.swift,
				Commons/AppCompositionRoot/AppManager/MetricsFeedManager/SensorFeedManager.swift,
				Commons/AppView/SensorListView/SensorListViewModel/SensorListViewModel.swift,
				Commons/Debug/DebugHUDView.swift,
				Commons/Debug/FPSCounter.swift,
				Commons/Debug/FPSOverlayView.swift,
				Commons/Extension/DateFormatter.swift,
				Commons/Extension/Decimal.swift,
			);
			target = CBA56CDC2F91D2B100159067 /* RealTimeMetricsDemoUIKit */;
		};
/* End PBXFileSystemSynchronizedBuildFileExceptionSet section */

/* Begin PBXFileSystemSynchronizedRootGroup section */
		CBA56CDE2F91D2B100159067 /* RealTimeMetricsDemoUIKit */ = {
			isa = PBXFileSystemSynchronizedRootGroup;
			exceptions = (
				CB3F4EFD2F91E7CD003551EC /* Exceptions for "RealTimeMetricsDemoUIKit" folder in "RealTimeMetricsDemo" target */,
				CBA56CF02F91D2B300159067 /* Exceptions for "RealTimeMetricsDemoUIKit" folder in "RealTimeMetricsDemoUIKit" target */,
			);
			path = RealTimeMetricsDemoUIKit;
			sourceTree = "<group>";
		};
		CBDA340B2F11E5E900971DE6 /* RealTimeMetricsDemo */ = {
			isa = PBXFileSystemSynchronizedRootGroup;
			exceptions = (
				CBA56CF32F91D2D400159067 /* Exceptions for "RealTimeMetricsDemo" folder in "RealTimeMetricsDemoUIKit" target */,
			);
			path = RealTimeMetricsDemo;
			sourceTree = "<group>";
		};
		CBDA34192F11E5EB00971DE6 /* RealTimeMetricsDemoTests */ = {
			isa = PBXFileSystemSynchronizedRootGroup;
			path = RealTimeMetricsDemoTests;
			sourceTree = "<group>";
		};
		CBDA34232F11E5EB00971DE6 /* RealTimeMetricsDemoUITests */ = {
			isa = PBXFileSystemSynchronizedRootGroup;
			path = RealTimeMetricsDemoUITests;
			sourceTree = "<group>";
		};
/* End PBXFileSystemSynchronizedRootGroup section */

/* Begin PBXFrameworksBuildPhase section */
		CBA56CDA2F91D2B100159067 /* Frameworks */ = {
			isa = PBXFrameworksBuildPhase;
			buildActionMask = 2147483647;
			files = (
			);
			runOnlyForDeploymentPostprocessing = 0;
		};
		CBDA34062F11E5E900971DE6 /* Frameworks */ = {
			isa = PBXFrameworksBuildPhase;
			buildActionMask = 2147483647;
			files = (
			);
			runOnlyForDeploymentPostprocessing = 0;
		};
		CBDA34132F11E5EB00971DE6 /* Frameworks */ = {
			isa = PBXFrameworksBuildPhase;
			buildActionMask = 2147483647;
			files = (
			);
			runOnlyForDeploymentPostprocessing = 0;
		};
		CBDA341D2F11E5EB00971DE6 /* Frameworks */ = {
			isa = PBXFrameworksBuildPhase;
			buildActionMask = 2147483647;
			files = (
			);
			runOnlyForDeploymentPostprocessing = 0;
		};
/* End PBXFrameworksBuildPhase section */

/* Begin PBXGroup section */
		CBDA34002F11E5E900971DE6 = {
			isa = PBXGroup;
			children = (
				CBDA340B2F11E5E900971DE6 /* RealTimeMetricsDemo */,
				CBDA34192F11E5EB00971DE6 /* RealTimeMetricsDemoTests */,
				CBDA34232F11E5EB00971DE6 /* RealTimeMetricsDemoUITests */,
				CBA56CDE2F91D2B100159067 /* RealTimeMetricsDemoUIKit */,
				CBDA340A2F11E5E900971DE6 /* Products */,
			);
			sourceTree = "<group>";
		};
		CBDA340A2F11E5E900971DE6 /* Products */ = {
			isa = PBXGroup;
			children = (
				CBDA34092F11E5E900971DE6 /* RealTimeMetricsDemo.app */,
				CBDA34162F11E5EB00971DE6 /* RealTimeMetricsDemoTests.xctest */,
				CBDA34202F11E5EB00971DE6 /* RealTimeMetricsDemoUITests.xctest */,
				CBA56CDD2F91D2B100159067 /* RealTimeMetricsDemoUIKit.app */,
			);
			name = Products;
			sourceTree = "<group>";
		};
/* End PBXGroup section */

/* Begin PBXNativeTarget section */
		CBA56CDC2F91D2B100159067 /* RealTimeMetricsDemoUIKit */ = {
			isa = PBXNativeTarget;
			buildConfigurationList = CBA56CF12F91D2B300159067 /* Build configuration list for PBXNativeTarget "RealTimeMetricsDemoUIKit" */;
			buildPhases = (
				CBA56CD92F91D2B100159067 /* Sources */,
				CBA56CDA2F91D2B100159067 /* Frameworks */,
				CBA56CDB2F91D2B100159067 /* Resources */,
			);
			buildRules = (
			);
			dependencies = (
			);
			fileSystemSynchronizedGroups = (
				CBA56CDE2F91D2B100159067 /* RealTimeMetricsDemoUIKit */,
			);
			name = RealTimeMetricsDemoUIKit;
			packageProductDependencies = (
			);
			productName = RealTimeMetricsDemoUIKit;
			productReference = CBA56CDD2F91D2B100159067 /* RealTimeMetricsDemoUIKit.app */;
			productType = "com.apple.product-type.application";
		};
		CBDA34082F11E5E900971DE6 /* RealTimeMetricsDemo */ = {
			isa = PBXNativeTarget;
			buildConfigurationList = CBDA342A2F11E5EB00971DE6 /* Build configuration list for PBXNativeTarget "RealTimeMetricsDemo" */;
			buildPhases = (
				CBDA34052F11E5E900971DE6 /* Sources */,
				CBDA34062F11E5E900971DE6 /* Frameworks */,
				CBDA34072F11E5E900971DE6 /* Resources */,
			);
			buildRules = (
			);
			dependencies = (
			);
			fileSystemSynchronizedGroups = (
				CBDA340B2F11E5E900971DE6 /* RealTimeMetricsDemo */,
			);
			name = RealTimeMetricsDemo;
			packageProductDependencies = (
			);
			productName = RealTimeMetricsDemo;
			productReference = CBDA34092F11E5E900971DE6 /* RealTimeMetricsDemo.app */;
			productType = "com.apple.product-type.application";
		};
		CBDA34152F11E5EB00971DE6 /* RealTimeMetricsDemoTests */ = {
			isa = PBXNativeTarget;
			buildConfigurationList = CBDA342D2F11E5EB00971DE6 /* Build configuration list for PBXNativeTarget "RealTimeMetricsDemoTests" */;
			buildPhases = (
				CBDA34122F11E5EB00971DE6 /* Sources */,
				CBDA34132F11E5EB00971DE6 /* Frameworks */,
				CBDA34142F11E5EB00971DE6 /* Resources */,
			);
			buildRules = (
			);
			dependencies = (
				CBDA34182F11E5EB00971DE6 /* PBXTargetDependency */,
			);
			fileSystemSynchronizedGroups = (
				CBDA34192F11E5EB00971DE6 /* RealTimeMetricsDemoTests */,
			);
			name = RealTimeMetricsDemoTests;
			packageProductDependencies = (
			);
			productName = RealTimeMetricsDemoTests;
			productReference = CBDA34162F11E5EB00971DE6 /* RealTimeMetricsDemoTests.xctest */;
			productType = "com.apple.product-type.bundle.unit-test";
		};
		CBDA341F2F11E5EB00971DE6 /* RealTimeMetricsDemoUITests */ = {
			isa = PBXNativeTarget;
			buildConfigurationList = CBDA34302F11E5EB00971DE6 /* Build configuration list for PBXNativeTarget "RealTimeMetricsDemoUITests" */;
			buildPhases = (
				CBDA341C2F11E5EB00971DE6 /* Sources */,
				CBDA341D2F11E5EB00971DE6 /* Frameworks */,
				CBDA341E2F11E5EB00971DE6 /* Resources */,
			);
			buildRules = (
			);
			dependencies = (
				CBDA34222F11E5EB00971DE6 /* PBXTargetDependency */,
			);
			fileSystemSynchronizedGroups = (
				CBDA34232F11E5EB00971DE6 /* RealTimeMetricsDemoUITests */,
			);
			name = RealTimeMetricsDemoUITests;
			packageProductDependencies = (
			);
			productName = RealTimeMetricsDemoUITests;
			productReference = CBDA34202F11E5EB00971DE6 /* RealTimeMetricsDemoUITests.xctest */;
			productType = "com.apple.product-type.bundle.ui-testing";
		};
/* End PBXNativeTarget section */

/* Begin PBXProject section */
		CBDA34012F11E5E900971DE6 /* Project object */ = {
			isa = PBXProject;
			attributes = {
				BuildIndependentTargetsInParallel = 1;
				LastSwiftUpdateCheck = 2620;
				LastUpgradeCheck = 1630;
				TargetAttributes = {
					CBA56CDC2F91D2B100159067 = {
						CreatedOnToolsVersion = 26.2;
					};
					CBDA34082F11E5E900971DE6 = {
						CreatedOnToolsVersion = 16.3;
					};
					CBDA34152F11E5EB00971DE6 = {
						CreatedOnToolsVersion = 16.3;
						TestTargetID = CBDA34082F11E5E900971DE6;
					};
					CBDA341F2F11E5EB00971DE6 = {
						CreatedOnToolsVersion = 16.3;
						TestTargetID = CBDA34082F11E5E900971DE6;
					};
				};
			};
			buildConfigurationList = CBDA34042F11E5E900971DE6 /* Build configuration list for PBXProject "RealTimeMetricsDemo" */;
			developmentRegion = en;
			hasScannedForEncodings = 0;
			knownRegions = (
				en,
				Base,
			);
			mainGroup = CBDA34002F11E5E900971DE6;
			minimizedProjectReferenceProxies = 1;
			preferredProjectObjectVersion = 77;
			productRefGroup = CBDA340A2F11E5E900971DE6 /* Products */;
			projectDirPath = "";
			projectRoot = "";
			targets = (
				CBDA34082F11E5E900971DE6 /* RealTimeMetricsDemo */,
				CBDA34152F11E5EB00971DE6 /* RealTimeMetricsDemoTests */,
				CBDA341F2F11E5EB00971DE6 /* RealTimeMetricsDemoUITests */,
				CBA56CDC2F91D2B100159067 /* RealTimeMetricsDemoUIKit */,
			);
		};
/* End PBXProject section */

/* Begin PBXResourcesBuildPhase section */
		CBA56CDB2F91D2B100159067 /* Resources */ = {
			isa = PBXResourcesBuildPhase;
			buildActionMask = 2147483647;
			files = (
			);
			runOnlyForDeploymentPostprocessing = 0;
		};
		CBDA34072F11E5E900971DE6 /* Resources */ = {
			isa = PBXResourcesBuildPhase;
			buildActionMask = 2147483647;
			files = (
			);
			runOnlyForDeploymentPostprocessing = 0;
		};
		CBDA34142F11E5EB00971DE6 /* Resources */ = {
			isa = PBXResourcesBuildPhase;
			buildActionMask = 2147483647;
			files = (
			);
			runOnlyForDeploymentPostprocessing = 0;
		};
		CBDA341E2F11E5EB00971DE6 /* Resources */ = {
			isa = PBXResourcesBuildPhase;
			buildActionMask = 2147483647;
			files = (
			);
			runOnlyForDeploymentPostprocessing = 0;
		};
/* End PBXResourcesBuildPhase section */

/* Begin PBXSourcesBuildPhase section */
		CBA56CD92F91D2B100159067 /* Sources */ = {
			isa = PBXSourcesBuildPhase;
			buildActionMask = 2147483647;
			files = (
			);
			runOnlyForDeploymentPostprocessing = 0;
		};
		CBDA34052F11E5E900971DE6 /* Sources */ = {
			isa = PBXSourcesBuildPhase;
			buildActionMask = 2147483647;
			files = (
			);
			runOnlyForDeploymentPostprocessing = 0;
		};
		CBDA34122F11E5EB00971DE6 /* Sources */ = {
			isa = PBXSourcesBuildPhase;
			buildActionMask = 2147483647;
			files = (
			);
			runOnlyForDeploymentPostprocessing = 0;
		};
		CBDA341C2F11E5EB00971DE6 /* Sources */ = {
			isa = PBXSourcesBuildPhase;
			buildActionMask = 2147483647;
			files = (
			);
			runOnlyForDeploymentPostprocessing = 0;
		};
/* End PBXSourcesBuildPhase section */

/* Begin PBXTargetDependency section */
		CBDA34182F11E5EB00971DE6 /* PBXTargetDependency */ = {
			isa = PBXTargetDependency;
			target = CBDA34082F11E5E900971DE6 /* RealTimeMetricsDemo */;
			targetProxy = CBDA34172F11E5EB00971DE6 /* PBXContainerItemProxy */;
		};
		CBDA34222F11E5EB00971DE6 /* PBXTargetDependency */ = {
			isa = PBXTargetDependency;
			target = CBDA34082F11E5E900971DE6 /* RealTimeMetricsDemo */;
			targetProxy = CBDA34212F11E5EB00971DE6 /* PBXContainerItemProxy */;
		};
/* End PBXTargetDependency section */

/* Begin XCBuildConfiguration section */
		CBA56CEE2F91D2B300159067 /* Debug */ = {
			isa = XCBuildConfiguration;
			buildSettings = {
				ASSETCATALOG_COMPILER_APPICON_NAME = AppIcon;
				ASSETCATALOG_COMPILER_GLOBAL_ACCENT_COLOR_NAME = AccentColor;
				CODE_SIGN_STYLE = Automatic;
				CURRENT_PROJECT_VERSION = 1;
				DEVELOPMENT_TEAM = EFSCQ8TW64;
				GENERATE_INFOPLIST_FILE = YES;
				INFOPLIST_FILE = RealTimeMetricsDemoUIKit/Info.plist;
				INFOPLIST_KEY_UIApplicationSupportsIndirectInputEvents = YES;
				INFOPLIST_KEY_UILaunchStoryboardName = LaunchScreen;
				INFOPLIST_KEY_UIMainStoryboardFile = Main;
				INFOPLIST_KEY_UISupportedInterfaceOrientations_iPad = "UIInterfaceOrientationPortrait UIInterfaceOrientationPortraitUpsideDown UIInterfaceOrientationLandscapeLeft UIInterfaceOrientationLandscapeRight";
				INFOPLIST_KEY_UISupportedInterfaceOrientations_iPhone = "UIInterfaceOrientationPortrait UIInterfaceOrientationLandscapeLeft UIInterfaceOrientationLandscapeRight";
				IPHONEOS_DEPLOYMENT_TARGET = 17.6;
				LD_RUNPATH_SEARCH_PATHS = (
					"$(inherited)",
					"@executable_path/Frameworks",
				);
				MARKETING_VERSION = 1.0;
				PRODUCT_BUNDLE_IDENTIFIER = com.blackman5566.RealTimeMetricsDemoUIKit;
				PRODUCT_NAME = "$(TARGET_NAME)";
				STRING_CATALOG_GENERATE_SYMBOLS = YES;
				SWIFT_APPROACHABLE_CONCURRENCY = YES;
				SWIFT_DEFAULT_ACTOR_ISOLATION = MainActor;
				SWIFT_EMIT_LOC_STRINGS = YES;
				SWIFT_UPCOMING_FEATURE_MEMBER_IMPORT_VISIBILITY = YES;
				SWIFT_VERSION = 5.0;
				TARGETED_DEVICE_FAMILY = "1,2";
			};
			name = Debug;
		};
		CBA56CEF2F91D2B300159067 /* Release */ = {
			isa = XCBuildConfiguration;
			buildSettings = {
				ASSETCATALOG_COMPILER_APPICON_NAME = AppIcon;
				ASSETCATALOG_COMPILER_GLOBAL_ACCENT_COLOR_NAME = AccentColor;
				CODE_SIGN_STYLE = Automatic;
				CURRENT_PROJECT_VERSION = 1;
				DEVELOPMENT_TEAM = EFSCQ8TW64;
				GENERATE_INFOPLIST_FILE = YES;
				INFOPLIST_FILE = RealTimeMetricsDemoUIKit/Info.plist;
				INFOPLIST_KEY_UIApplicationSupportsIndirectInputEvents = YES;
				INFOPLIST_KEY_UILaunchStoryboardName = LaunchScreen;
				INFOPLIST_KEY_UIMainStoryboardFile = Main;
				INFOPLIST_KEY_UISupportedInterfaceOrientations_iPad = "UIInterfaceOrientationPortrait UIInterfaceOrientationPortraitUpsideDown UIInterfaceOrientationLandscapeLeft UIInterfaceOrientationLandscapeRight";
				INFOPLIST_KEY_UISupportedInterfaceOrientations_iPhone = "UIInterfaceOrientationPortrait UIInterfaceOrientationLandscapeLeft UIInterfaceOrientationLandscapeRight";
				IPHONEOS_DEPLOYMENT_TARGET = 17.6;
				LD_RUNPATH_SEARCH_PATHS = (
					"$(inherited)",
					"@executable_path/Frameworks",
				);
				MARKETING_VERSION = 1.0;
				PRODUCT_BUNDLE_IDENTIFIER = com.blackman5566.RealTimeMetricsDemoUIKit;
				PRODUCT_NAME = "$(TARGET_NAME)";
				STRING_CATALOG_GENERATE_SYMBOLS = YES;
				SWIFT_APPROACHABLE_CONCURRENCY = YES;
				SWIFT_DEFAULT_ACTOR_ISOLATION = MainActor;
				SWIFT_EMIT_LOC_STRINGS = YES;
				SWIFT_UPCOMING_FEATURE_MEMBER_IMPORT_VISIBILITY = YES;
				SWIFT_VERSION = 5.0;
				TARGETED_DEVICE_FAMILY = "1,2";
			};
			name = Release;
		};
		CBDA34282F11E5EB00971DE6 /* Debug */ = {
			isa = XCBuildConfiguration;
			buildSettings = {
				ALWAYS_SEARCH_USER_PATHS = NO;
				ASSETCATALOG_COMPILER_GENERATE_SWIFT_ASSET_SYMBOL_EXTENSIONS = YES;
				CLANG_ANALYZER_NONNULL = YES;
				CLANG_ANALYZER_NUMBER_OBJECT_CONVERSION = YES_AGGRESSIVE;
				CLANG_CXX_LANGUAGE_STANDARD = "gnu++20";
				CLANG_ENABLE_MODULES = YES;
				CLANG_ENABLE_OBJC_ARC = YES;
				CLANG_ENABLE_OBJC_WEAK = YES;
				CLANG_WARN_BLOCK_CAPTURE_AUTORELEASING = YES;
				CLANG_WARN_BOOL_CONVERSION = YES;
				CLANG_WARN_COMMA = YES;
				CLANG_WARN_CONSTANT_CONVERSION = YES;
				CLANG_WARN_DEPRECATED_OBJC_IMPLEMENTATIONS = YES;
				CLANG_WARN_DIRECT_OBJC_ISA_USAGE = YES_ERROR;
				CLANG_WARN_DOCUMENTATION_COMMENTS = YES;
				CLANG_WARN_EMPTY_BODY = YES;
				CLANG_WARN_ENUM_CONVERSION = YES;
				CLANG_WARN_INFINITE_RECURSION = YES;
				CLANG_WARN_INT_CONVERSION = YES;
				CLANG_WARN_NON_LITERAL_NULL_CONVERSION = YES;
				CLANG_WARN_OBJC_IMPLICIT_RETAIN_SELF = YES;
				CLANG_WARN_OBJC_LITERAL_CONVERSION = YES;
				CLANG_WARN_OBJC_ROOT_CLASS = YES_ERROR;
				CLANG_WARN_QUOTED_INCLUDE_IN_FRAMEWORK_HEADER = YES;
				CLANG_WARN_RANGE_LOOP_ANALYSIS = YES;
				CLANG_WARN_STRICT_PROTOTYPES = YES;
				CLANG_WARN_SUSPICIOUS_MOVE = YES;
				CLANG_WARN_UNGUARDED_AVAILABILITY = YES_AGGRESSIVE;
				CLANG_WARN_UNREACHABLE_CODE = YES;
				CLANG_WARN__DUPLICATE_METHOD_MATCH = YES;
				COPY_PHASE_STRIP = NO;
				DEBUG_INFORMATION_FORMAT = dwarf;
				DEVELOPMENT_TEAM = EFSCQ8TW64;
				ENABLE_STRICT_OBJC_MSGSEND = YES;
				ENABLE_TESTABILITY = YES;
				ENABLE_USER_SCRIPT_SANDBOXING = YES;
				GCC_C_LANGUAGE_STANDARD = gnu17;
				GCC_DYNAMIC_NO_PIC = NO;
				GCC_NO_COMMON_BLOCKS = YES;
				GCC_OPTIMIZATION_LEVEL = 0;
				GCC_PREPROCESSOR_DEFINITIONS = (
					"DEBUG=1",
					"$(inherited)",
				);
				GCC_WARN_64_TO_32_BIT_CONVERSION = YES;
				GCC_WARN_ABOUT_RETURN_TYPE = YES_ERROR;
				GCC_WARN_UNDECLARED_SELECTOR = YES;
				GCC_WARN_UNINITIALIZED_AUTOS = YES_AGGRESSIVE;
				GCC_WARN_UNUSED_FUNCTION = YES;
				GCC_WARN_UNUSED_VARIABLE = YES;
				IPHONEOS_DEPLOYMENT_TARGET = 18.4;
				LOCALIZATION_PREFERS_STRING_CATALOGS = YES;
				MTL_ENABLE_DEBUG_INFO = INCLUDE_SOURCE;
				MTL_FAST_MATH = YES;
				ONLY_ACTIVE_ARCH = YES;
				SDKROOT = iphoneos;
				SWIFT_ACTIVE_COMPILATION_CONDITIONS = "DEBUG $(inherited)";
				SWIFT_OPTIMIZATION_LEVEL = "-Onone";
			};
			name = Debug;
		};
		CBDA34292F11E5EB00971DE6 /* Release */ = {
			isa = XCBuildConfiguration;
			buildSettings = {
				ALWAYS_SEARCH_USER_PATHS = NO;
				ASSETCATALOG_COMPILER_GENERATE_SWIFT_ASSET_SYMBOL_EXTENSIONS = YES;
				CLANG_ANALYZER_NONNULL = YES;
				CLANG_ANALYZER_NUMBER_OBJECT_CONVERSION = YES_AGGRESSIVE;
				CLANG_CXX_LANGUAGE_STANDARD = "gnu++20";
				CLANG_ENABLE_MODULES = YES;
				CLANG_ENABLE_OBJC_ARC = YES;
				CLANG_ENABLE_OBJC_WEAK = YES;
				CLANG_WARN_BLOCK_CAPTURE_AUTORELEASING = YES;
				CLANG_WARN_BOOL_CONVERSION = YES;
				CLANG_WARN_COMMA = YES;
				CLANG_WARN_CONSTANT_CONVERSION = YES;
				CLANG_WARN_DEPRECATED_OBJC_IMPLEMENTATIONS = YES;
				CLANG_WARN_DIRECT_OBJC_ISA_USAGE = YES_ERROR;
				CLANG_WARN_DOCUMENTATION_COMMENTS = YES;
				CLANG_WARN_EMPTY_BODY = YES;
				CLANG_WARN_ENUM_CONVERSION = YES;
				CLANG_WARN_INFINITE_RECURSION = YES;
				CLANG_WARN_INT_CONVERSION = YES;
				CLANG_WARN_NON_LITERAL_NULL_CONVERSION = YES;
				CLANG_WARN_OBJC_IMPLICIT_RETAIN_SELF = YES;
				CLANG_WARN_OBJC_LITERAL_CONVERSION = YES;
				CLANG_WARN_OBJC_ROOT_CLASS = YES_ERROR;
				CLANG_WARN_QUOTED_INCLUDE_IN_FRAMEWORK_HEADER = YES;
				CLANG_WARN_RANGE_LOOP_ANALYSIS = YES;
				CLANG_WARN_STRICT_PROTOTYPES = YES;
				CLANG_WARN_SUSPICIOUS_MOVE = YES;
				CLANG_WARN_UNGUARDED_AVAILABILITY = YES_AGGRESSIVE;
				CLANG_WARN_UNREACHABLE_CODE = YES;
				CLANG_WARN__DUPLICATE_METHOD_MATCH = YES;
				COPY_PHASE_STRIP = NO;
				DEBUG_INFORMATION_FORMAT = "dwarf-with-dsym";
				DEVELOPMENT_TEAM = EFSCQ8TW64;
				ENABLE_NS_ASSERTIONS = NO;
				ENABLE_STRICT_OBJC_MSGSEND = YES;
				ENABLE_USER_SCRIPT_SANDBOXING = YES;
				GCC_C_LANGUAGE_STANDARD = gnu17;
				GCC_NO_COMMON_BLOCKS = YES;
				GCC_WARN_64_TO_32_BIT_CONVERSION = YES;
				GCC_WARN_ABOUT_RETURN_TYPE = YES_ERROR;
				GCC_WARN_UNDECLARED_SELECTOR = YES;
				GCC_WARN_UNINITIALIZED_AUTOS = YES_AGGRESSIVE;
				GCC_WARN_UNUSED_FUNCTION = YES;
				GCC_WARN_UNUSED_VARIABLE = YES;
				IPHONEOS_DEPLOYMENT_TARGET = 18.4;
				LOCALIZATION_PREFERS_STRING_CATALOGS = YES;
				MTL_ENABLE_DEBUG_INFO = NO;
				MTL_FAST_MATH = YES;
				SDKROOT = iphoneos;
				SWIFT_COMPILATION_MODE = wholemodule;
				VALIDATE_PRODUCT = YES;
			};
			name = Release;
		};
		CBDA342B2F11E5EB00971DE6 /* Debug */ = {
			isa = XCBuildConfiguration;
			buildSettings = {
				ASSETCATALOG_COMPILER_APPICON_NAME = AppIcon;
				ASSETCATALOG_COMPILER_GLOBAL_ACCENT_COLOR_NAME = AccentColor;
				CODE_SIGN_STYLE = Automatic;
				CURRENT_PROJECT_VERSION = 1;
				DEVELOPMENT_TEAM = EFSCQ8TW64;
				ENABLE_PREVIEWS = YES;
				GENERATE_INFOPLIST_FILE = YES;
				INFOPLIST_KEY_UIApplicationSceneManifest_Generation = YES;
				INFOPLIST_KEY_UIApplicationSupportsIndirectInputEvents = YES;
				INFOPLIST_KEY_UILaunchScreen_Generation = YES;
				INFOPLIST_KEY_UISupportedInterfaceOrientations_iPad = "UIInterfaceOrientationPortrait UIInterfaceOrientationPortraitUpsideDown UIInterfaceOrientationLandscapeLeft UIInterfaceOrientationLandscapeRight";
				INFOPLIST_KEY_UISupportedInterfaceOrientations_iPhone = "UIInterfaceOrientationPortrait UIInterfaceOrientationLandscapeLeft UIInterfaceOrientationLandscapeRight";
				IPHONEOS_DEPLOYMENT_TARGET = 17.6;
				LD_RUNPATH_SEARCH_PATHS = (
					"$(inherited)",
					"@executable_path/Frameworks",
				);
				MARKETING_VERSION = 1.0;
				PRODUCT_BUNDLE_IDENTIFIER = com.blackman5566.RealTimeMetricsDemo;
				PRODUCT_NAME = "$(TARGET_NAME)";
				SWIFT_EMIT_LOC_STRINGS = YES;
				SWIFT_VERSION = 5.0;
				TARGETED_DEVICE_FAMILY = "1,2";
			};
			name = Debug;
		};
		CBDA342C2F11E5EB00971DE6 /* Release */ = {
			isa = XCBuildConfiguration;
			buildSettings = {
				ASSETCATALOG_COMPILER_APPICON_NAME = AppIcon;
				ASSETCATALOG_COMPILER_GLOBAL_ACCENT_COLOR_NAME = AccentColor;
				CODE_SIGN_STYLE = Automatic;
				CURRENT_PROJECT_VERSION = 1;
				DEVELOPMENT_TEAM = EFSCQ8TW64;
				ENABLE_PREVIEWS = YES;
				GENERATE_INFOPLIST_FILE = YES;
				INFOPLIST_KEY_UIApplicationSceneManifest_Generation = YES;
				INFOPLIST_KEY_UIApplicationSupportsIndirectInputEvents = YES;
				INFOPLIST_KEY_UILaunchScreen_Generation = YES;
				INFOPLIST_KEY_UISupportedInterfaceOrientations_iPad = "UIInterfaceOrientationPortrait UIInterfaceOrientationPortraitUpsideDown UIInterfaceOrientationLandscapeLeft UIInterfaceOrientationLandscapeRight";
				INFOPLIST_KEY_UISupportedInterfaceOrientations_iPhone = "UIInterfaceOrientationPortrait UIInterfaceOrientationLandscapeLeft UIInterfaceOrientationLandscapeRight";
				IPHONEOS_DEPLOYMENT_TARGET = 17.6;
				LD_RUNPATH_SEARCH_PATHS = (
					"$(inherited)",
					"@executable_path/Frameworks",
				);
				MARKETING_VERSION = 1.0;
				PRODUCT_BUNDLE_IDENTIFIER = com.blackman5566.RealTimeMetricsDemo;
				PRODUCT_NAME = "$(TARGET_NAME)";
				SWIFT_EMIT_LOC_STRINGS = YES;
				SWIFT_VERSION = 5.0;
				TARGETED_DEVICE_FAMILY = "1,2";
			};
			name = Release;
		};
		CBDA342E2F11E5EB00971DE6 /* Debug */ = {
			isa = XCBuildConfiguration;
			buildSettings = {
				BUNDLE_LOADER = "$(TEST_HOST)";
				CODE_SIGN_STYLE = Automatic;
				CURRENT_PROJECT_VERSION = 1;
				DEVELOPMENT_TEAM = EFSCQ8TW64;
				GENERATE_INFOPLIST_FILE = YES;
				IPHONEOS_DEPLOYMENT_TARGET = 18.4;
				MARKETING_VERSION = 1.0;
				PRODUCT_BUNDLE_IDENTIFIER = com.blackman5566.RealTimeMetricsDemoTests;
				PRODUCT_NAME = "$(TARGET_NAME)";
				SWIFT_EMIT_LOC_STRINGS = NO;
				SWIFT_VERSION = 5.0;
				TARGETED_DEVICE_FAMILY = "1,2";
				TEST_HOST = "$(BUILT_PRODUCTS_DIR)/RealTimeMetricsDemo.app/$(BUNDLE_EXECUTABLE_FOLDER_PATH)/RealTimeMetricsDemo";
			};
			name = Debug;
		};
		CBDA342F2F11E5EB00971DE6 /* Release */ = {
			isa = XCBuildConfiguration;
			buildSettings = {
				BUNDLE_LOADER = "$(TEST_HOST)";
				CODE_SIGN_STYLE = Automatic;
				CURRENT_PROJECT_VERSION = 1;
				DEVELOPMENT_TEAM = EFSCQ8TW64;
				GENERATE_INFOPLIST_FILE = YES;
				IPHONEOS_DEPLOYMENT_TARGET = 18.4;
				MARKETING_VERSION = 1.0;
				PRODUCT_BUNDLE_IDENTIFIER = com.blackman5566.RealTimeMetricsDemoTests;
				PRODUCT_NAME = "$(TARGET_NAME)";
				SWIFT_EMIT_LOC_STRINGS = NO;
				SWIFT_VERSION = 5.0;
				TARGETED_DEVICE_FAMILY = "1,2";
				TEST_HOST = "$(BUILT_PRODUCTS_DIR)/RealTimeMetricsDemo.app/$(BUNDLE_EXECUTABLE_FOLDER_PATH)/RealTimeMetricsDemo";
			};
			name = Release;
		};
		CBDA34312F11E5EB00971DE6 /* Debug */ = {
			isa = XCBuildConfiguration;
			buildSettings = {
				CODE_SIGN_STYLE = Automatic;
				CURRENT_PROJECT_VERSION = 1;
				DEVELOPMENT_TEAM = EFSCQ8TW64;
				GENERATE_INFOPLIST_FILE = YES;
				MARKETING_VERSION = 1.0;
				PRODUCT_BUNDLE_IDENTIFIER = com.blackman5566.RealTimeMetricsDemoUITests;
				PRODUCT_NAME = "$(TARGET_NAME)";
				SWIFT_EMIT_LOC_STRINGS = NO;
				SWIFT_VERSION = 5.0;
				TARGETED_DEVICE_FAMILY = "1,2";
				TEST_TARGET_NAME = RealTimeMetricsDemo;
			};
			name = Debug;
		};
		CBDA34322F11E5EB00971DE6 /* Release */ = {
			isa = XCBuildConfiguration;
			buildSettings = {
				CODE_SIGN_STYLE = Automatic;
				CURRENT_PROJECT_VERSION = 1;
				DEVELOPMENT_TEAM = EFSCQ8TW64;
				GENERATE_INFOPLIST_FILE = YES;
				MARKETING_VERSION = 1.0;
				PRODUCT_BUNDLE_IDENTIFIER = com.blackman5566.RealTimeMetricsDemoUITests;
				PRODUCT_NAME = "$(TARGET_NAME)";
				SWIFT_EMIT_LOC_STRINGS = NO;
				SWIFT_VERSION = 5.0;
				TARGETED_DEVICE_FAMILY = "1,2";
				TEST_TARGET_NAME = RealTimeMetricsDemo;
			};
			name = Release;
		};
/* End XCBuildConfiguration section */

/* Begin XCConfigurationList section */
		CBA56CF12F91D2B300159067 /* Build configuration list for PBXNativeTarget "RealTimeMetricsDemoUIKit" */ = {
			isa = XCConfigurationList;
			buildConfigurations = (
				CBA56CEE2F91D2B300159067 /* Debug */,
				CBA56CEF2F91D2B300159067 /* Release */,
			);
			defaultConfigurationIsVisible = 0;
			defaultConfigurationName = Release;
		};
		CBDA34042F11E5E900971DE6 /* Build configuration list for PBXProject "RealTimeMetricsDemo" */ = {
			isa = XCConfigurationList;
			buildConfigurations = (
				CBDA34282F11E5EB00971DE6 /* Debug */,
				CBDA34292F11E5EB00971DE6 /* Release */,
			);
			defaultConfigurationIsVisible = 0;
			defaultConfigurationName = Release;
		};
		CBDA342A2F11E5EB00971DE6 /* Build configuration list for PBXNativeTarget "RealTimeMetricsDemo" */ = {
			isa = XCConfigurationList;
			buildConfigurations = (
				CBDA342B2F11E5EB00971DE6 /* Debug */,
				CBDA342C2F11E5EB00971DE6 /* Release */,
			);
			defaultConfigurationIsVisible = 0;
			defaultConfigurationName = Release;
		};
		CBDA342D2F11E5EB00971DE6 /* Build configuration list for PBXNativeTarget "RealTimeMetricsDemoTests" */ = {
			isa = XCConfigurationList;
			buildConfigurations = (
				CBDA342E2F11E5EB00971DE6 /* Debug */,
				CBDA342F2F11E5EB00971DE6 /* Release */,
			);
			defaultConfigurationIsVisible = 0;
			defaultConfigurationName = Release;
		};
		CBDA34302F11E5EB00971DE6 /* Build configuration list for PBXNativeTarget "RealTimeMetricsDemoUITests" */ = {
			isa = XCConfigurationList;
			buildConfigurations = (
				CBDA34312F11E5EB00971DE6 /* Debug */,
				CBDA34322F11E5EB00971DE6 /* Release */,
			);
			defaultConfigurationIsVisible = 0;
			defaultConfigurationName = Release;
		};
/* End XCConfigurationList section */
	};
	rootObject = CBDA34012F11E5E900971DE6 /* Project object */;
}
